arp242.net/sconfig v1.2.1 h1:WHjZn+LWh/at3i/64PQC8W49GgAN7CA732OTEwLvRu8=
arp242.net/sconfig v1.2.1/go.mod h1:ocoy1e2keexW6DqO4zA7ZeMg/Pa12FOEkPKzdcfRCms=
zgo.at/zstd v0.0.0-20221013104704-16fa49fadc62 h1:2YmbyyIJEC9yIVDGfuG/M7qAmHh+tgRKn4Lu/Iot3AQ=
zgo.at/zstd v0.0.0-20221013104704-16fa49fadc62/go.mod h1:o/Q8+EtSahHnfkbB3t8wXE0FnoDTmJ0sBDlzezv9XeM=
