arp242.net/sconfig v1.2.1 h1:WHjZn+LWh/at3i/64PQC8W49GgAN7CA732OTEwLvRu8=
arp242.net/sconfig v1.2.1/go.mod h1:ocoy1e2keexW6DqO4zA7ZeMg/Pa12FOEkPKzdcfRCms=
github.com/Strum355/go-difflib v1.1.0 h1:+rR2X3UuvIbe1Jmhx8WA7gkgjMNRscFWbHchk2RB8I4=
github.com/Strum355/go-difflib v1.1.0/go.mod h1:r1cVg1JkGsTWkaR7At56v7hfuMgiUL8meTLwxFzOmvE=
github.com/davecgh/go-spew v1.1.0/go.mod h1:J7Y8YcW2NihsgmVo/mv3lAwl/skON4iLHjSsI+c5H38=
github.com/davecgh/go-spew v1.1.1 h1:vj9j/u1bqnvCEfJOwUhtlOARqs3+rkHYY13jYWTU97c=
github.com/davecgh/go-spew v1.1.1/go.mod h1:J7Y8YcW2NihsgmVo/mv3lAwl/skON4iLHjSsI+c5H38=
github.com/imdario/mergo v0.3.9 h1:UauaLniWCFHWd+Jp9oCEkTBj8VO/9DKg3PV3VCNMDIg=
github.com/imdario/mergo v0.3.9/go.mod h1:2EnlNZ0deacrJVfApfmtdGgDfMuh/nq6Ok1EcJh5FfA=
github.com/pkg/errors v0.8.0/go.mod h1:bwawxfHBFNV+L2hUp1rHADufV3IMtnDRdf1r5NINEl0=
github.com/teamwork/test v0.0.0-20190410143529-8897d82f8d46/go.mod h1:TIbx7tx6WHBjQeLRM4eWQZBL7kmBZ7/KI4x4v7Y5YmA=
github.com/teamwork/test v0.0.0-20200108114543-02621bae84ad h1:25sEr0awm0ZPancg5W5H5VvN7PWsJloUBpii10a9isw=
github.com/teamwork/test v0.0.0-20200108114543-02621bae84ad/go.mod h1:TIbx7tx6WHBjQeLRM4eWQZBL7kmBZ7/KI4x4v7Y5YmA=
github.com/teamwork/utils v0.0.0-20200225145404-032133670e5b h1:EVvttsTOlRg9BkG/vxurb+K0CZdD/oeg+zxWNDdSZLY=
github.com/teamwork/utils v0.0.0-20200225145404-032133670e5b/go.mod h1:3Fn0qxFeRNpvsg/9T1+btOOOKkd1qG2nPYKKcOmNpcs=
gopkg.in/check.v1 v0.0.0-20161208181325-20d25e280405 h1:yhCVgyC4o1eVCa2tZl7eS0r+SDo693bJlVdllGtEeKM=
gopkg.in/check.v1 v0.0.0-20161208181325-20d25e280405/go.mod h1:Co6ibVJAznAaIkqp8huTwlJQCZ016jof/cbN4VW5Yz0=
gopkg.in/yaml.v2 v2.3.0 h1:clyUAQHOM3G0M3f5vQj7LuJrETvjVot3Z5el9nffUtU=
gopkg.in/yaml.v2 v2.3.0/go.mod h1:hI93XBmqTisBFMUTm0b8Fm+jr3Dg1NNxqwp+5A1VGuI=
